
Microsoft Visual Studio Solution File, Format Version 12.00
# Visual Studio Version 16
VisualStudioVersion = 16.0.30517.126
MinimumVisualStudioVersion = 10.0.40219.1
Project("{FAE04EC0-301F-11D3-BF4B-00C04F79EFBC}") = "ConsoleApp1", "ConsoleApp1\ConsoleApp1.csproj", "{0BDC3A9A-50E6-468B-A63D-18D6B14F7DFA}"
EndProject
Global
	GlobalSection(SolutionConfigurationPlatforms) = preSolution
		Debug|Any CPU = Debug|Any CPU
		Release|Any CPU = Release|Any CPU
	EndGlobalSection
	GlobalSection(ProjectConfigurationPlatforms) = postSolution
		{0BDC3A9A-50E6-468B-A63D-18D6B14F7DFA}.Debug|Any CPU.ActiveCfg = Debug|Any CPU
		{0BDC3A9A-50E6-468B-A63D-18D6B14F7DFA}.Debug|Any CPU.Build.0 = Debug|Any CPU
		{0BDC3A9A-50E6-468B-A63D-18D6B14F7DFA}.Release|Any CPU.ActiveCfg = Release|Any CPU
		{0BDC3A9A-50E6-468B-A63D-18D6B14F7DFA}.Release|Any CPU.Build.0 = Release|Any CPU
	EndGlobalSection
	GlobalSection(SolutionProperties) = preSolution
		HideSolutionNode = FALSE
	EndGlobalSection
	GlobalSection(ExtensibilityGlobals) = postSolution
		SolutionGuid = {553CDE01-BABA-41BE-A582-8A84F8464BED}
	EndGlobalSection
EndGlobal
