
Microsoft Visual Studio Solution File, Format Version 12.00
# Visual Studio Version 16
VisualStudioVersion = 16.0.31729.503
MinimumVisualStudioVersion = 10.0.40219.1
Project("{FAE04EC0-301F-11D3-BF4B-00C04F79EFBC}") = "ConsoleApp1", "ConsoleApp1\ConsoleApp1.csproj", "{4E142B69-4EDB-4F63-A7D9-CC17B5C6A4EB}"
EndProject
Global
	GlobalSection(SolutionConfigurationPlatforms) = preSolution
		Debug|Any CPU = Debug|Any CPU
		Release|Any CPU = Release|Any CPU
	EndGlobalSection
	GlobalSection(ProjectConfigurationPlatforms) = postSolution
		{4E142B69-4EDB-4F63-A7D9-CC17B5C6A4EB}.Debug|Any CPU.ActiveCfg = Debug|Any CPU
		{4E142B69-4EDB-4F63-A7D9-CC17B5C6A4EB}.Debug|Any CPU.Build.0 = Debug|Any CPU
		{4E142B69-4EDB-4F63-A7D9-CC17B5C6A4EB}.Release|Any CPU.ActiveCfg = Release|Any CPU
		{4E142B69-4EDB-4F63-A7D9-CC17B5C6A4EB}.Release|Any CPU.Build.0 = Release|Any CPU
	EndGlobalSection
	GlobalSection(SolutionProperties) = preSolution
		HideSolutionNode = FALSE
	EndGlobalSection
	GlobalSection(ExtensibilityGlobals) = postSolution
		SolutionGuid = {10FB1C7C-C9B1-4928-BA50-518FC24CD4E0}
	EndGlobalSection
EndGlobal
